// !$*UTF8*$!
{
	archiveVersion = 1;
	classes = {
	};
	objectVersion = 48;
	objects = {

/* Begin PBXBuildFile section */
		7708BCDC2214768400CDA7BE /* AppDelegate.swift in Sources */ = {isa = PBXBuildFile; fileRef = 7708BCDB2214768400CDA7BE /* AppDelegate.swift */; };
		7708BCDE2214768400CDA7BE /* ViewController.swift in Sources */ = {isa = PBXBuildFile; fileRef = 7708BCDD2214768400CDA7BE /* ViewController.swift */; };
		7708BCE12214768400CDA7BE /* Main.storyboard in Resources */ = {isa = PBXBuildFile; fileRef = 7708BCDF2214768400CDA7BE /* Main.storyboard */; };
		7708BCE32214768400CDA7BE /* Assets.xcassets in Resources */ = {isa = PBXBuildFile; fileRef = 7708BCE22214768400CDA7BE /* Assets.xcassets */; };
		7708BCE62214768400CDA7BE /* LaunchScreen.storyboard in Resources */ = {isa = PBXBuildFile; fileRef = 7708BCE42214768400CDA7BE /* LaunchScreen.storyboard */; };
		7708BCF12214768400CDA7BE /* SaySomethingTests.swift in Sources */ = {isa = PBXBuildFile; fileRef = 7708BCF02214768400CDA7BE /* SaySomethingTests.swift */; };
		7708BCFC2214768400CDA7BE /* SaySomethingUITests.swift in Sources */ = {isa = PBXBuildFile; fileRef = 7708BCFB2214768400CDA7BE /* SaySomethingUITests.swift */; };
/* End PBXBuildFile section */

/* Begin PBXContainerItemProxy section */
		7708BCED2214768400CDA7BE /* PBXContainerItemProxy */ = {
			isa = PBXContainerItemProxy;
			containerPortal = 7708BCD02214768400CDA7BE /* Project object */;
			proxyType = 1;
			remoteGlobalIDString = 7708BCD72214768400CDA7BE;
			remoteInfo = SaySomething;
		};
		7708BCF82214768400CDA7BE /* PBXContainerItemProxy */ = {
			isa = PBXContainerItemProxy;
			containerPortal = 7708BCD02214768400CDA7BE /* Project object */;
			proxyType = 1;
			remoteGlobalIDString = 7708BCD72214768400CDA7BE;
			remoteInfo = SaySomething;
		};
/* End PBXContainerItemProxy section */

/* Begin PBXFileReference section */
		7708BCD82214768400CDA7BE /* SaySomething.app */ = {isa = PBXFileReference; explicitFileType = wrapper.application; includeInIndex = 0; path = SaySomething.app; sourceTree = BUILT_PRODUCTS_DIR; };
		7708BCDB2214768400CDA7BE /* AppDelegate.swift */ = {isa = PBXFileReference; lastKnownFileType = sourcecode.swift; path = AppDelegate.swift; sourceTree = "<group>"; };
		7708BCDD2214768400CDA7BE /* ViewController.swift */ = {isa = PBXFileReference; lastKnownFileType = sourcecode.swift; path = ViewController.swift; sourceTree = "<group>"; };
		7708BCE02214768400CDA7BE /* Base */ = {isa = PBXFileReference; lastKnownFileType = file.storyboard; name = Base; path = Base.lproj/Main.storyboard; sourceTree = "<group>"; };
		7708BCE22214768400CDA7BE /* Assets.xcassets */ = {isa = PBXFileReference; lastKnownFileType = folder.assetcatalog; path = Assets.xcassets; sourceTree = "<group>"; };
		7708BCE52214768400CDA7BE /* Base */ = {isa = PBXFileReference; lastKnownFileType = file.storyboard; name = Base; path = Base.lproj/LaunchScreen.storyboard; sourceTree = "<group>"; };
		7708BCE72214768400CDA7BE /* Info.plist */ = {isa = PBXFileReference; lastKnownFileType = text.plist.xml; path = Info.plist; sourceTree = "<group>"; };
		7708BCEC2214768400CDA7BE /* SaySomethingTests.xctest */ = {isa = PBXFileReference; explicitFileType = wrapper.cfbundle; includeInIndex = 0; path = SaySomethingTests.xctest; sourceTree = BUILT_PRODUCTS_DIR; };
		7708BCF02214768400CDA7BE /* SaySomethingTests.swift */ = {isa = PBXFileReference; lastKnownFileType = sourcecode.swift; path = SaySomethingTests.swift; sourceTree = "<group>"; };
		7708BCF22214768400CDA7BE /* Info.plist */ = {isa = PBXFileReference; lastKnownFileType = text.plist.xml; path = Info.plist; sourceTree = "<group>"; };
		7708BCF72214768400CDA7BE /* SaySomethingUITests.xctest */ = {isa = PBXFileReference; explicitFileType = wrapper.cfbundle; includeInIndex = 0; path = SaySomethingUITests.xctest; sourceTree = BUILT_PRODUCTS_DIR; };
		7708BCFB2214768400CDA7BE /* SaySomethingUITests.swift */ = {isa = PBXFileReference; lastKnownFileType = sourcecode.swift; path = SaySomethingUITests.swift; sourceTree = "<group>"; };
		7708BCFD2214768400CDA7BE /* Info.plist */ = {isa = PBXFileReference; lastKnownFileType = text.plist.xml; path = Info.plist; sourceTree = "<group>"; };
/* End PBXFileReference section */

/* Begin PBXFrameworksBuildPhase section */
		7708BCD52214768400CDA7BE /* Frameworks */ = {
			isa = PBXFrameworksBuildPhase;
			buildActionMask = 2147483647;
			files = (
			);
			runOnlyForDeploymentPostprocessing = 0;
		};
		7708BCE92214768400CDA7BE /* Frameworks */ = {
			isa = PBXFrameworksBuildPhase;
			buildActionMask = 2147483647;
			files = (
			);
			runOnlyForDeploymentPostprocessing = 0;
		};
		7708BCF42214768400CDA7BE /* Frameworks */ = {
			isa = PBXFrameworksBuildPhase;
			buildActionMask = 2147483647;
			files = (
			);
			runOnlyForDeploymentPostprocessing = 0;
		};
/* End PBXFrameworksBuildPhase section */

/* Begin PBXGroup section */
		7708BCCF2214768400CDA7BE = {
			isa = PBXGroup;
			children = (
				7708BCDA2214768400CDA7BE /* SaySomething */,
				7708BCEF2214768400CDA7BE /* SaySomethingTests */,
				7708BCFA2214768400CDA7BE /* SaySomethingUITests */,
				7708BCD92214768400CDA7BE /* Products */,
			);
			sourceTree = "<group>";
		};
		7708BCD92214768400CDA7BE /* Products */ = {
			isa = PBXGroup;
			children = (
				7708BCD82214768400CDA7BE /* SaySomething.app */,
				7708BCEC2214768400CDA7BE /* SaySomethingTests.xctest */,
				7708BCF72214768400CDA7BE /* SaySomethingUITests.xctest */,
			);
			name = Products;
			sourceTree = "<group>";
		};
		7708BCDA2214768400CDA7BE /* SaySomething */ = {
			isa = PBXGroup;
			children = (
				7708BCDB2214768400CDA7BE /* AppDelegate.swift */,
				7708BCDD2214768400CDA7BE /* ViewController.swift */,
				7708BCDF2214768400CDA7BE /* Main.storyboard */,
				7708BCE22214768400CDA7BE /* Assets.xcassets */,
				7708BCE42214768400CDA7BE /* LaunchScreen.storyboard */,
				7708BCE72214768400CDA7BE /* Info.plist */,
			);
			path = SaySomething;
			sourceTree = "<group>";
		};
		7708BCEF2214768400CDA7BE /* SaySomethingTests */ = {
			isa = PBXGroup;
			children = (
				7708BCF02214768400CDA7BE /* SaySomethingTests.swift */,
				7708BCF22214768400CDA7BE /* Info.plist */,
			);
			path = SaySomethingTests;
			sourceTree = "<group>";
		};
		7708BCFA2214768400CDA7BE /* SaySomethingUITests */ = {
			isa = PBXGroup;
			children = (
				7708BCFB2214768400CDA7BE /* SaySomethingUITests.swift */,
				7708BCFD2214768400CDA7BE /* Info.plist */,
			);
			path = SaySomethingUITests;
			sourceTree = "<group>";
		};
/* End PBXGroup section */

/* Begin PBXNativeTarget section */
		7708BCD72214768400CDA7BE /* SaySomething */ = {
			isa = PBXNativeTarget;
			buildConfigurationList = 7708BD002214768400CDA7BE /* Build configuration list for PBXNativeTarget "SaySomething" */;
			buildPhases = (
				7708BCD42214768400CDA7BE /* Sources */,
				7708BCD52214768400CDA7BE /* Frameworks */,
				7708BCD62214768400CDA7BE /* Resources */,
			);
			buildRules = (
			);
			dependencies = (
			);
			name = SaySomething;
			productName = SaySomething;
			productReference = 7708BCD82214768400CDA7BE /* SaySomething.app */;
			productType = "com.apple.product-type.application";
		};
		7708BCEB2214768400CDA7BE /* SaySomethingTests */ = {
			isa = PBXNativeTarget;
			buildConfigurationList = 7708BD032214768400CDA7BE /* Build configuration list for PBXNativeTarget "SaySomethingTests" */;
			buildPhases = (
				7708BCE82214768400CDA7BE /* Sources */,
				7708BCE92214768400CDA7BE /* Frameworks */,
				7708BCEA2214768400CDA7BE /* Resources */,
			);
			buildRules = (
			);
			dependencies = (
				7708BCEE2214768400CDA7BE /* PBXTargetDependency */,
			);
			name = SaySomethingTests;
			productName = SaySomethingTests;
			productReference = 7708BCEC2214768400CDA7BE /* SaySomethingTests.xctest */;
			productType = "com.apple.product-type.bundle.unit-test";
		};
		7708BCF62214768400CDA7BE /* SaySomethingUITests */ = {
			isa = PBXNativeTarget;
			buildConfigurationList = 7708BD062214768400CDA7BE /* Build configuration list for PBXNativeTarget "SaySomethingUITests" */;
			buildPhases = (
				7708BCF32214768400CDA7BE /* Sources */,
				7708BCF42214768400CDA7BE /* Frameworks */,
				7708BCF52214768400CDA7BE /* Resources */,
			);
			buildRules = (
			);
			dependencies = (
				7708BCF92214768400CDA7BE /* PBXTargetDependency */,
			);
			name = SaySomethingUITests;
			productName = SaySomethingUITests;
			productReference = 7708BCF72214768400CDA7BE /* SaySomethingUITests.xctest */;
			productType = "com.apple.product-type.bundle.ui-testing";
		};
/* End PBXNativeTarget section */

/* Begin PBXProject section */
		7708BCD02214768400CDA7BE /* Project object */ = {
			isa = PBXProject;
			attributes = {
				LastSwiftUpdateCheck = 0900;
				LastUpgradeCheck = 0900;
				ORGANIZATIONNAME = "Pasut Kittiprapas";
				TargetAttributes = {
					7708BCD72214768400CDA7BE = {
						CreatedOnToolsVersion = 9.0.1;
						ProvisioningStyle = Automatic;
					};
					7708BCEB2214768400CDA7BE = {
						CreatedOnToolsVersion = 9.0.1;
						ProvisioningStyle = Automatic;
						TestTargetID = 7708BCD72214768400CDA7BE;
					};
					7708BCF62214768400CDA7BE = {
						CreatedOnToolsVersion = 9.0.1;
						ProvisioningStyle = Automatic;
						TestTargetID = 7708BCD72214768400CDA7BE;
					};
				};
			};
			buildConfigurationList = 7708BCD32214768400CDA7BE /* Build configuration list for PBXProject "SaySomething" */;
			compatibilityVersion = "Xcode 8.0";
			developmentRegion = en;
			hasScannedForEncodings = 0;
			knownRegions = (
				en,
				Base,
			);
			mainGroup = 7708BCCF2214768400CDA7BE;
			productRefGroup = 7708BCD92214768400CDA7BE /* Products */;
			projectDirPath = "";
			projectRoot = "";
			targets = (
				7708BCD72214768400CDA7BE /* SaySomething */,
				7708BCEB2214768400CDA7BE /* SaySomethingTests */,
				7708BCF62214768400CDA7BE /* SaySomethingUITests */,
			);
		};
/* End PBXProject section */

/* Begin PBXResourcesBuildPhase section */
		7708BCD62214768400CDA7BE /* Resources */ = {
			isa = PBXResourcesBuildPhase;
			buildActionMask = 2147483647;
			files = (
				7708BCE62214768400CDA7BE /* LaunchScreen.storyboard in Resources */,
				7708BCE32214768400CDA7BE /* Assets.xcassets in Resources */,
				7708BCE12214768400CDA7BE /* Main.storyboard in Resources */,
			);
			runOnlyForDeploymentPostprocessing = 0;
		};
		7708BCEA2214768400CDA7BE /* Resources */ = {
			isa = PBXResourcesBuildPhase;
			buildActionMask = 2147483647;
			files = (
			);
			runOnlyForDeploymentPostprocessing = 0;
		};
		7708BCF52214768400CDA7BE /* Resources */ = {
			isa = PBXResourcesBuildPhase;
			buildActionMask = 2147483647;
			files = (
			);
			runOnlyForDeploymentPostprocessing = 0;
		};
/* End PBXResourcesBuildPhase section */

/* Begin PBXSourcesBuildPhase section */
		7708BCD42214768400CDA7BE /* Sources */ = {
			isa = PBXSourcesBuildPhase;
			buildActionMask = 2147483647;
			files = (
				7708BCDE2214768400CDA7BE /* ViewController.swift in Sources */,
				7708BCDC2214768400CDA7BE /* AppDelegate.swift in Sources */,
			);
			runOnlyForDeploymentPostprocessing = 0;
		};
		7708BCE82214768400CDA7BE /* Sources */ = {
			isa = PBXSourcesBuildPhase;
			buildActionMask = 2147483647;
			files = (
				7708BCF12214768400CDA7BE /* SaySomethingTests.swift in Sources */,
			);
			runOnlyForDeploymentPostprocessing = 0;
		};
		7708BCF32214768400CDA7BE /* Sources */ = {
			isa = PBXSourcesBuildPhase;
			buildActionMask = 2147483647;
			files = (
				7708BCFC2214768400CDA7BE /* SaySomethingUITests.swift in Sources */,
			);
			runOnlyForDeploymentPostprocessing = 0;
		};
/* End PBXSourcesBuildPhase section */

/* Begin PBXTargetDependency section */
		7708BCEE2214768400CDA7BE /* PBXTargetDependency */ = {
			isa = PBXTargetDependency;
			target = 7708BCD72214768400CDA7BE /* SaySomething */;
			targetProxy = 7708BCED2214768400CDA7BE /* PBXContainerItemProxy */;
		};
		7708BCF92214768400CDA7BE /* PBXTargetDependency */ = {
			isa = PBXTargetDependency;
			target = 7708BCD72214768400CDA7BE /* SaySomething */;
			targetProxy = 7708BCF82214768400CDA7BE /* PBXContainerItemProxy */;
		};
/* End PBXTargetDependency section */

/* Begin PBXVariantGroup section */
		7708BCDF2214768400CDA7BE /* Main.storyboard */ = {
			isa = PBXVariantGroup;
			children = (
				7708BCE02214768400CDA7BE /* Base */,
			);
			name = Main.storyboard;
			sourceTree = "<group>";
		};
		7708BCE42214768400CDA7BE /* LaunchScreen.storyboard */ = {
			isa = PBXVariantGroup;
			children = (
				7708BCE52214768400CDA7BE /* Base */,
			);
			name = LaunchScreen.storyboard;
			sourceTree = "<group>";
		};
/* End PBXVariantGroup section */

/* Begin XCBuildConfiguration section */
		7708BCFE2214768400CDA7BE /* Debug */ = {
			isa = XCBuildConfiguration;
			buildSettings = {
				ALWAYS_SEARCH_USER_PATHS = NO;
				CLANG_ANALYZER_NONNULL = YES;
				CLANG_ANALYZER_NUMBER_OBJECT_CONVERSION = YES_AGGRESSIVE;
				CLANG_CXX_LANGUAGE_STANDARD = "gnu++14";
				CLANG_CXX_LIBRARY = "libc++";
				CLANG_ENABLE_MODULES = YES;
				CLANG_ENABLE_OBJC_ARC = YES;
				CLANG_WARN_BLOCK_CAPTURE_AUTORELEASING = YES;
				CLANG_WARN_BOOL_CONVERSION = YES;
				CLANG_WARN_COMMA = YES;
				CLANG_WARN_CONSTANT_CONVERSION = YES;
				CLANG_WARN_DIRECT_OBJC_ISA_USAGE = YES_ERROR;
				CLANG_WARN_DOCUMENTATION_COMMENTS = YES;
				CLANG_WARN_EMPTY_BODY = YES;
				CLANG_WARN_ENUM_CONVERSION = YES;
				CLANG_WARN_INFINITE_RECURSION = YES;
				CLANG_WARN_INT_CONVERSION = YES;
				CLANG_WARN_NON_LITERAL_NULL_CONVERSION = YES;
				CLANG_WARN_OBJC_LITERAL_CONVERSION = YES;
				CLANG_WARN_OBJC_ROOT_CLASS = YES_ERROR;
				CLANG_WARN_RANGE_LOOP_ANALYSIS = YES;
				CLANG_WARN_STRICT_PROTOTYPES = YES;
				CLANG_WARN_SUSPICIOUS_MOVE = YES;
				CLANG_WARN_UNGUARDED_AVAILABILITY = YES_AGGRESSIVE;
				CLANG_WARN_UNREACHABLE_CODE = YES;
				CLANG_WARN__DUPLICATE_METHOD_MATCH = YES;
				CODE_SIGN_IDENTITY = "iPhone Developer";
				COPY_PHASE_STRIP = NO;
				DEBUG_INFORMATION_FORMAT = dwarf;
				ENABLE_STRICT_OBJC_MSGSEND = YES;
				ENABLE_TESTABILITY = YES;
				GCC_C_LANGUAGE_STANDARD = gnu11;
				GCC_DYNAMIC_NO_PIC = NO;
				GCC_NO_COMMON_BLOCKS = YES;
				GCC_OPTIMIZATION_LEVEL = 0;
				GCC_PREPROCESSOR_DEFINITIONS = (
					"DEBUG=1",
					"$(inherited)",
				);
				GCC_WARN_64_TO_32_BIT_CONVERSION = YES;
				GCC_WARN_ABOUT_RETURN_TYPE = YES_ERROR;
				GCC_WARN_UNDECLARED_SELECTOR = YES;
				GCC_WARN_UNINITIALIZED_AUTOS = YES_AGGRESSIVE;
				GCC_WARN_UNUSED_FUNCTION = YES;
				GCC_WARN_UNUSED_VARIABLE = YES;
				IPHONEOS_DEPLOYMENT_TARGET = 11.0;
				MTL_ENABLE_DEBUG_INFO = YES;
				ONLY_ACTIVE_ARCH = YES;
				SDKROOT = iphoneos;
				SWIFT_ACTIVE_COMPILATION_CONDITIONS = DEBUG;
				SWIFT_OPTIMIZATION_LEVEL = "-Onone";
			};
			name = Debug;
		};
		7708BCFF2214768400CDA7BE /* Release */ = {
			isa = XCBuildConfiguration;
			buildSettings = {
				ALWAYS_SEARCH_USER_PATHS = NO;
				CLANG_ANALYZER_NONNULL = YES;
				CLANG_ANALYZER_NUMBER_OBJECT_CONVERSION = YES_AGGRESSIVE;
				CLANG_CXX_LANGUAGE_STANDARD = "gnu++14";
				CLANG_CXX_LIBRARY = "libc++";
				CLANG_ENABLE_MODULES = YES;
				CLANG_ENABLE_OBJC_ARC = YES;
				CLANG_WARN_BLOCK_CAPTURE_AUTORELEASING = YES;
				CLANG_WARN_BOOL_CONVERSION = YES;
				CLANG_WARN_COMMA = YES;
				CLANG_WARN_CONSTANT_CONVERSION = YES;
				CLANG_WARN_DIRECT_OBJC_ISA_USAGE = YES_ERROR;
				CLANG_WARN_DOCUMENTATION_COMMENTS = YES;
				CLANG_WARN_EMPTY_BODY = YES;
				CLANG_WARN_ENUM_CONVERSION = YES;
				CLANG_WARN_INFINITE_RECURSION = YES;
				CLANG_WARN_INT_CONVERSION = YES;
				CLANG_WARN_NON_LITERAL_NULL_CONVERSION = YES;
				CLANG_WARN_OBJC_LITERAL_CONVERSION = YES;
				CLANG_WARN_OBJC_ROOT_CLASS = YES_ERROR;
				CLANG_WARN_RANGE_LOOP_ANALYSIS = YES;
				CLANG_WARN_STRICT_PROTOTYPES = YES;
				CLANG_WARN_SUSPICIOUS_MOVE = YES;
				CLANG_WARN_UNGUARDED_AVAILABILITY = YES_AGGRESSIVE;
				CLANG_WARN_UNREACHABLE_CODE = YES;
				CLANG_WARN__DUPLICATE_METHOD_MATCH = YES;
				CODE_SIGN_IDENTITY = "iPhone Developer";
				COPY_PHASE_STRIP = NO;
				DEBUG_INFORMATION_FORMAT = "dwarf-with-dsym";
				ENABLE_NS_ASSERTIONS = NO;
				ENABLE_STRICT_OBJC_MSGSEND = YES;
				GCC_C_LANGUAGE_STANDARD = gnu11;
				GCC_NO_COMMON_BLOCKS = YES;
				GCC_WARN_64_TO_32_BIT_CONVERSION = YES;
				GCC_WARN_ABOUT_RETURN_TYPE = YES_ERROR;
				GCC_WARN_UNDECLARED_SELECTOR = YES;
				GCC_WARN_UNINITIALIZED_AUTOS = YES_AGGRESSIVE;
				GCC_WARN_UNUSED_FUNCTION = YES;
				GCC_WARN_UNUSED_VARIABLE = YES;
				IPHONEOS_DEPLOYMENT_TARGET = 11.0;
				MTL_ENABLE_DEBUG_INFO = NO;
				SDKROOT = iphoneos;
				SWIFT_OPTIMIZATION_LEVEL = "-Owholemodule";
				VALIDATE_PRODUCT = YES;
			};
			name = Release;
		};
		7708BD012214768400CDA7BE /* Debug */ = {
			isa = XCBuildConfiguration;
			buildSettings = {
				ASSETCATALOG_COMPILER_APPICON_NAME = AppIcon;
				CODE_SIGN_STYLE = Automatic;
				INFOPLIST_FILE = SaySomething/Info.plist;
				LD_RUNPATH_SEARCH_PATHS = "$(inherited) @executable_path/Frameworks";
				PRODUCT_BUNDLE_IDENTIFIER = com.BasPasut.SaySomething;
				PRODUCT_NAME = "$(TARGET_NAME)";
				SWIFT_VERSION = 4.0;
				TARGETED_DEVICE_FAMILY = "1,2";
			};
			name = Debug;
		};
		7708BD022214768400CDA7BE /* Release */ = {
			isa = XCBuildConfiguration;
			buildSettings = {
				ASSETCATALOG_COMPILER_APPICON_NAME = AppIcon;
				CODE_SIGN_STYLE = Automatic;
				INFOPLIST_FILE = SaySomething/Info.plist;
				LD_RUNPATH_SEARCH_PATHS = "$(inherited) @executable_path/Frameworks";
				PRODUCT_BUNDLE_IDENTIFIER = com.BasPasut.SaySomething;
				PRODUCT_NAME = "$(TARGET_NAME)";
				SWIFT_VERSION = 4.0;
				TARGETED_DEVICE_FAMILY = "1,2";
			};
			name = Release;
		};
		7708BD042214768400CDA7BE /* Debug */ = {
			isa = XCBuildConfiguration;
			buildSettings = {
				ALWAYS_EMBED_SWIFT_STANDARD_LIBRARIES = YES;
				BUNDLE_LOADER = "$(TEST_HOST)";
				CODE_SIGN_STYLE = Automatic;
				INFOPLIST_FILE = SaySomethingTests/Info.plist;
				LD_RUNPATH_SEARCH_PATHS = "$(inherited) @executable_path/Frameworks @loader_path/Frameworks";
				PRODUCT_BUNDLE_IDENTIFIER = com.BasPasut.SaySomethingTests;
				PRODUCT_NAME = "$(TARGET_NAME)";
				SWIFT_VERSION = 4.0;
				TARGETED_DEVICE_FAMILY = "1,2";
				TEST_HOST = "$(BUILT_PRODUCTS_DIR)/SaySomething.app/SaySomething";
			};
			name = Debug;
		};
		7708BD052214768400CDA7BE /* Release */ = {
			isa = XCBuildConfiguration;
			buildSettings = {
				ALWAYS_EMBED_SWIFT_STANDARD_LIBRARIES = YES;
				BUNDLE_LOADER = "$(TEST_HOST)";
				CODE_SIGN_STYLE = Automatic;
				INFOPLIST_FILE = SaySomethingTests/Info.plist;
				LD_RUNPATH_SEARCH_PATHS = "$(inherited) @executable_path/Frameworks @loader_path/Frameworks";
				PRODUCT_BUNDLE_IDENTIFIER = com.BasPasut.SaySomethingTests;
				PRODUCT_NAME = "$(TARGET_NAME)";
				SWIFT_VERSION = 4.0;
				TARGETED_DEVICE_FAMILY = "1,2";
				TEST_HOST = "$(BUILT_PRODUCTS_DIR)/SaySomething.app/SaySomething";
			};
			name = Release;
		};
		7708BD072214768400CDA7BE /* Debug */ = {
			isa = XCBuildConfiguration;
			buildSettings = {
				ALWAYS_EMBED_SWIFT_STANDARD_LIBRARIES = YES;
				CODE_SIGN_STYLE = Automatic;
				INFOPLIST_FILE = SaySomethingUITests/Info.plist;
				LD_RUNPATH_SEARCH_PATHS = "$(inherited) @executable_path/Frameworks @loader_path/Frameworks";
				PRODUCT_BUNDLE_IDENTIFIER = com.BasPasut.SaySomethingUITests;
				PRODUCT_NAME = "$(TARGET_NAME)";
				SWIFT_VERSION = 4.0;
				TARGETED_DEVICE_FAMILY = "1,2";
				TEST_TARGET_NAME = SaySomething;
			};
			name = Debug;
		};
		7708BD082214768400CDA7BE /* Release */ = {
			isa = XCBuildConfiguration;
			buildSettings = {
				ALWAYS_EMBED_SWIFT_STANDARD_LIBRARIES = YES;
				CODE_SIGN_STYLE = Automatic;
				INFOPLIST_FILE = SaySomethingUITests/Info.plist;
				LD_RUNPATH_SEARCH_PATHS = "$(inherited) @executable_path/Frameworks @loader_path/Frameworks";
				PRODUCT_BUNDLE_IDENTIFIER = com.BasPasut.SaySomethingUITests;
				PRODUCT_NAME = "$(TARGET_NAME)";
				SWIFT_VERSION = 4.0;
				TARGETED_DEVICE_FAMILY = "1,2";
				TEST_TARGET_NAME = SaySomething;
			};
			name = Release;
		};
/* End XCBuildConfiguration section */

/* Begin XCConfigurationList section */
		7708BCD32214768400CDA7BE /* Build configuration list for PBXProject "SaySomething" */ = {
			isa = XCConfigurationList;
			buildConfigurations = (
				7708BCFE2214768400CDA7BE /* Debug */,
				7708BCFF2214768400CDA7BE /* Release */,
			);
			defaultConfigurationIsVisible = 0;
			defaultConfigurationName = Release;
		};
		7708BD002214768400CDA7BE /* Build configuration list for PBXNativeTarget "SaySomething" */ = {
			isa = XCConfigurationList;
			buildConfigurations = (
				7708BD012214768400CDA7BE /* Debug */,
				7708BD022214768400CDA7BE /* Release */,
			);
			defaultConfigurationIsVisible = 0;
			defaultConfigurationName = Release;
		};
		7708BD032214768400CDA7BE /* Build configuration list for PBXNativeTarget "SaySomethingTests" */ = {
			isa = XCConfigurationList;
			buildConfigurations = (
				7708BD042214768400CDA7BE /* Debug */,
				7708BD052214768400CDA7BE /* Release */,
			);
			defaultConfigurationIsVisible = 0;
			defaultConfigurationName = Release;
		};
		7708BD062214768400CDA7BE /* Build configuration list for PBXNativeTarget "SaySomethingUITests" */ = {
			isa = XCConfigurationList;
			buildConfigurations = (
				7708BD072214768400CDA7BE /* Debug */,
				7708BD082214768400CDA7BE /* Release */,
			);
			defaultConfigurationIsVisible = 0;
			defaultConfigurationName = Release;
		};
/* End XCConfigurationList section */
	};
	rootObject = 7708BCD02214768400CDA7BE /* Project object */;
}
